
Microsoft Visual Studio Solution File, Format Version 12.00
# Visual Studio Version 16
VisualStudioVersion = 16.0.32510.428
MinimumVisualStudioVersion = 10.0.40219.1
Project("{FAE04EC0-301F-11D3-BF4B-00C04F79EFBC}") = "PessoaMaisVelha", "PessoaMaisVelha\PessoaMaisVelha.csproj", "{17F8CE11-6C0A-4C4A-9E5A-1BEBE240321C}"
EndProject
Global
	GlobalSection(SolutionConfigurationPlatforms) = preSolution
		Debug|Any CPU = Debug|Any CPU
		Release|Any CPU = Release|Any CPU
	EndGlobalSection
	GlobalSection(ProjectConfigurationPlatforms) = postSolution
		{17F8CE11-6C0A-4C4A-9E5A-1BEBE240321C}.Debug|Any CPU.ActiveCfg = Debug|Any CPU
		{17F8CE11-6C0A-4C4A-9E5A-1BEBE240321C}.Debug|Any CPU.Build.0 = Debug|Any CPU
		{17F8CE11-6C0A-4C4A-9E5A-1BEBE240321C}.Release|Any CPU.ActiveCfg = Release|Any CPU
		{17F8CE11-6C0A-4C4A-9E5A-1BEBE240321C}.Release|Any CPU.Build.0 = Release|Any CPU
	EndGlobalSection
	GlobalSection(SolutionProperties) = preSolution
		HideSolutionNode = FALSE
	EndGlobalSection
	GlobalSection(ExtensibilityGlobals) = postSolution
		SolutionGuid = {0339A05E-2A50-4F51-9B06-D31C284B0C01}
	EndGlobalSection
EndGlobal
